
Microsoft Visual Studio Solution File, Format Version 12.00
# Visual Studio Version 17
VisualStudioVersion = 17.5.002.0
MinimumVisualStudioVersion = 10.0.40219.1
Project("{2150E333-8FDC-42A3-9474-1A3956D46DE8}") = "src", "src", "{0FBE552A-A393-41CE-A407-15A8349ACDED}"
EndProject
Project("{9A19103F-16F7-4668-BE54-9A1E7A4F7556}") = "Luggage_For_All", "src\Luggage_For_All\Luggage_For_All.csproj", "{B77BF203-4724-4E0F-A293-802BD1F1627F}"
EndProject
Global
	GlobalSection(SolutionConfigurationPlatforms) = preSolution
		Debug|Any CPU = Debug|Any CPU
		Release|Any CPU = Release|Any CPU
	EndGlobalSection
	GlobalSection(ProjectConfigurationPlatforms) = postSolution
		{B77BF203-4724-4E0F-A293-802BD1F1627F}.Debug|Any CPU.ActiveCfg = Debug|Any CPU
		{B77BF203-4724-4E0F-A293-802BD1F1627F}.Debug|Any CPU.Build.0 = Debug|Any CPU
		{B77BF203-4724-4E0F-A293-802BD1F1627F}.Release|Any CPU.ActiveCfg = Release|Any CPU
		{B77BF203-4724-4E0F-A293-802BD1F1627F}.Release|Any CPU.Build.0 = Release|Any CPU
	EndGlobalSection
	GlobalSection(SolutionProperties) = preSolution
		HideSolutionNode = FALSE
	EndGlobalSection
	GlobalSection(NestedProjects) = preSolution
		{B77BF203-4724-4E0F-A293-802BD1F1627F} = {0FBE552A-A393-41CE-A407-15A8349ACDED}
	EndGlobalSection
	GlobalSection(ExtensibilityGlobals) = postSolution
		SolutionGuid = {92F6D475-68F0-44D6-A1AF-A28F5948E381}
	EndGlobalSection
EndGlobal
